
Microsoft Visual Studio Solution File, Format Version 12.00
Project("{2150E333-8FDC-42A3-9474-1A3956D46DE8}") = "Src", "Src", "{D4859A01-860A-4953-9900-B532300176DC}"
EndProject
Project("{2150E333-8FDC-42A3-9474-1A3956D46DE8}") = "Demands", "Demands", "{F2BBFC46-34AC-49C4-BF3F-3D48FABF0A32}"
EndProject
Project("{2150E333-8FDC-42A3-9474-1A3956D46DE8}") = "Courses", "Courses", "{7E177660-EE10-49AA-BF86-C12236A80F7A}"
EndProject
Project("{2150E333-8FDC-42A3-9474-1A3956D46DE8}") = "Realizations", "Realizations", "{AFD16833-9729-4F9D-84A3-00A9DE943B11}"
EndProject
Project("{2150E333-8FDC-42A3-9474-1A3956D46DE8}") = "Domain", "Domain", "{CE6F5673-DE58-499A-A80A-A860B201C9D0}"
EndProject
Project("{2150E333-8FDC-42A3-9474-1A3956D46DE8}") = "Domain", "Domain", "{DE7EBBA6-C698-4350-A141-A731B9B9C521}"
EndProject
Project("{FAE04EC0-301F-11D3-BF4B-00C04F79EFBC}") = "PrimeDrive.Realizations.Domain", "Modules\Realizations\PrimeDrive.Realizations.Domain\PrimeDrive.Realizations.Domain.csproj", "{D8F7D773-C356-4F06-BF1D-C58F6983F5AE}"
EndProject
Project("{FAE04EC0-301F-11D3-BF4B-00C04F79EFBC}") = "PrimeDrive.Demands.Domain", "Modules\Demands\PrimeDrive.Demands.Domain\PrimeDrive.Demands.Domain.csproj", "{9939888D-9890-4B01-8312-BCB4BA7AA70C}"
EndProject
Project("{2150E333-8FDC-42A3-9474-1A3956D46DE8}") = "Modules", "Modules", "{75879F02-9852-464D-B4A8-F99979D94076}"
EndProject
Project("{2150E333-8FDC-42A3-9474-1A3956D46DE8}") = "Shared", "Shared", "{C5431202-4BB1-4522-8F22-067F99E6D107}"
EndProject
Project("{FAE04EC0-301F-11D3-BF4B-00C04F79EFBC}") = "PrimeDrive.DomainDrivenDesign.BuildingBlocks", "PrimeDrive.DomainDrivenDesign.BuildingBlocks\PrimeDrive.DomainDrivenDesign.BuildingBlocks.csproj", "{A7DBE358-8197-4795-84E4-13DE8DEF2B56}"
EndProject
Project("{FAE04EC0-301F-11D3-BF4B-00C04F79EFBC}") = "PrimeDrive.Realizations.Domain.Tests", "Modules\Realizations\PrimeDrive.Realizations.Domain.Tests\PrimeDrive.Realizations.Domain.Tests.csproj", "{59418588-EA27-4AD5-8236-711D28917C19}"
EndProject
Project("{FAE04EC0-301F-11D3-BF4B-00C04F79EFBC}") = "PrimeDrive.Demands.Domain.Tests", "Modules\Demands\PrimeDrive.Demands.Domain.Tests\PrimeDrive.Demands.Domain.Tests.csproj", "{4BDB0DCB-ED7C-4B3B-9225-FA7C00F54CD0}"
EndProject
Global
	GlobalSection(SolutionConfigurationPlatforms) = preSolution
		Debug|Any CPU = Debug|Any CPU
		Release|Any CPU = Release|Any CPU
	EndGlobalSection
	GlobalSection(NestedProjects) = preSolution
		{AFD16833-9729-4F9D-84A3-00A9DE943B11} = {7E177660-EE10-49AA-BF86-C12236A80F7A}
		{CE6F5673-DE58-499A-A80A-A860B201C9D0} = {AFD16833-9729-4F9D-84A3-00A9DE943B11}
		{DE7EBBA6-C698-4350-A141-A731B9B9C521} = {F2BBFC46-34AC-49C4-BF3F-3D48FABF0A32}
		{D8F7D773-C356-4F06-BF1D-C58F6983F5AE} = {CE6F5673-DE58-499A-A80A-A860B201C9D0}
		{9939888D-9890-4B01-8312-BCB4BA7AA70C} = {DE7EBBA6-C698-4350-A141-A731B9B9C521}
		{75879F02-9852-464D-B4A8-F99979D94076} = {D4859A01-860A-4953-9900-B532300176DC}
		{7E177660-EE10-49AA-BF86-C12236A80F7A} = {75879F02-9852-464D-B4A8-F99979D94076}
		{F2BBFC46-34AC-49C4-BF3F-3D48FABF0A32} = {75879F02-9852-464D-B4A8-F99979D94076}
		{C5431202-4BB1-4522-8F22-067F99E6D107} = {D4859A01-860A-4953-9900-B532300176DC}
		{A7DBE358-8197-4795-84E4-13DE8DEF2B56} = {C5431202-4BB1-4522-8F22-067F99E6D107}
		{59418588-EA27-4AD5-8236-711D28917C19} = {CE6F5673-DE58-499A-A80A-A860B201C9D0}
		{4BDB0DCB-ED7C-4B3B-9225-FA7C00F54CD0} = {DE7EBBA6-C698-4350-A141-A731B9B9C521}
	EndGlobalSection
	GlobalSection(ProjectConfigurationPlatforms) = postSolution
		{D8F7D773-C356-4F06-BF1D-C58F6983F5AE}.Debug|Any CPU.ActiveCfg = Debug|Any CPU
		{D8F7D773-C356-4F06-BF1D-C58F6983F5AE}.Debug|Any CPU.Build.0 = Debug|Any CPU
		{D8F7D773-C356-4F06-BF1D-C58F6983F5AE}.Release|Any CPU.ActiveCfg = Release|Any CPU
		{D8F7D773-C356-4F06-BF1D-C58F6983F5AE}.Release|Any CPU.Build.0 = Release|Any CPU
		{9939888D-9890-4B01-8312-BCB4BA7AA70C}.Debug|Any CPU.ActiveCfg = Debug|Any CPU
		{9939888D-9890-4B01-8312-BCB4BA7AA70C}.Debug|Any CPU.Build.0 = Debug|Any CPU
		{9939888D-9890-4B01-8312-BCB4BA7AA70C}.Release|Any CPU.ActiveCfg = Release|Any CPU
		{9939888D-9890-4B01-8312-BCB4BA7AA70C}.Release|Any CPU.Build.0 = Release|Any CPU
		{A7DBE358-8197-4795-84E4-13DE8DEF2B56}.Debug|Any CPU.ActiveCfg = Debug|Any CPU
		{A7DBE358-8197-4795-84E4-13DE8DEF2B56}.Debug|Any CPU.Build.0 = Debug|Any CPU
		{A7DBE358-8197-4795-84E4-13DE8DEF2B56}.Release|Any CPU.ActiveCfg = Release|Any CPU
		{A7DBE358-8197-4795-84E4-13DE8DEF2B56}.Release|Any CPU.Build.0 = Release|Any CPU
		{59418588-EA27-4AD5-8236-711D28917C19}.Debug|Any CPU.ActiveCfg = Debug|Any CPU
		{59418588-EA27-4AD5-8236-711D28917C19}.Debug|Any CPU.Build.0 = Debug|Any CPU
		{59418588-EA27-4AD5-8236-711D28917C19}.Release|Any CPU.ActiveCfg = Release|Any CPU
		{59418588-EA27-4AD5-8236-711D28917C19}.Release|Any CPU.Build.0 = Release|Any CPU
		{4BDB0DCB-ED7C-4B3B-9225-FA7C00F54CD0}.Debug|Any CPU.ActiveCfg = Debug|Any CPU
		{4BDB0DCB-ED7C-4B3B-9225-FA7C00F54CD0}.Debug|Any CPU.Build.0 = Debug|Any CPU
		{4BDB0DCB-ED7C-4B3B-9225-FA7C00F54CD0}.Release|Any CPU.ActiveCfg = Release|Any CPU
		{4BDB0DCB-ED7C-4B3B-9225-FA7C00F54CD0}.Release|Any CPU.Build.0 = Release|Any CPU
	EndGlobalSection
EndGlobal
